
Microsoft Visual Studio Solution File, Format Version 12.00
# Visual Studio Version 18
VisualStudioVersion = 18.0.11205.157
MinimumVisualStudioVersion = 10.0.40219.1
Project("{2150E333-8FDC-42A3-9474-1A3956D46DE8}") = "AspNetCore", "AspNetCore", "{74E1BB04-3A08-41E3-9E8D-376601524B67}"
EndProject
Project("{2150E333-8FDC-42A3-9474-1A3956D46DE8}") = "Cache", "Cache", "{3749E98B-2364-4C54-923B-9416EE855FF6}"
EndProject
Project("{2150E333-8FDC-42A3-9474-1A3956D46DE8}") = "Core", "Core", "{909818E2-002C-425A-88B9-090C8562DCB2}"
EndProject
Project("{2150E333-8FDC-42A3-9474-1A3956D46DE8}") = "DataAccess", "DataAccess", "{9A7953EF-6BD1-4C5A-AFCA-E746DACD135A}"
EndProject
Project("{2150E333-8FDC-42A3-9474-1A3956D46DE8}") = "Queue", "Queue", "{44684FA4-FAE4-4751-966A-276B1ADF8849}"
EndProject
Project("{FAE04EC0-301F-11D3-BF4B-00C04F79EFBC}") = "Bat.Core", "src\Core\Bat.Core\Bat.Core.csproj", "{C040E53B-D8CB-2C26-99D7-96BD77177722}"
EndProject
Project("{FAE04EC0-301F-11D3-BF4B-00C04F79EFBC}") = "Bat.Tools", "src\Core\Bat.Tools\Bat.Tools.csproj", "{F7EC18AE-70A8-3952-ED64-6DF3C3DADF71}"
EndProject
Project("{FAE04EC0-301F-11D3-BF4B-00C04F79EFBC}") = "Bat.Dapper", "src\DataAccess\Bat.Dapper\Bat.Dapper.csproj", "{CF0B1B35-5911-A46B-2655-46623FCCE4AF}"
EndProject
Project("{FAE04EC0-301F-11D3-BF4B-00C04F79EFBC}") = "Bat.EntityFrameworkCore", "src\DataAccess\Bat.EntityFrameworkCore\Bat.EntityFrameworkCore.csproj", "{0375DDCA-477F-649A-3778-F79C3B2006F7}"
EndProject
Project("{FAE04EC0-301F-11D3-BF4B-00C04F79EFBC}") = "Bat.EntityFrameworkCore.Tools", "src\DataAccess\Bat.EntityFrameworkCore.Tools\Bat.EntityFrameworkCore.Tools.csproj", "{A710F70D-7BB0-F1A1-A6B6-F1AEE1A33433}"
EndProject
Project("{FAE04EC0-301F-11D3-BF4B-00C04F79EFBC}") = "Bat.Queue", "src\Queue\Bat.Queue\Bat.Queue.csproj", "{F2F1E1EA-BFFF-F845-44B2-985B2D27E964}"
EndProject
Project("{FAE04EC0-301F-11D3-BF4B-00C04F79EFBC}") = "Bat.Cache", "src\Cache\Bat.Cache\Bat.Cache.csproj", "{1471C67B-3298-77D2-55A6-5E226A3CA579}"
EndProject
Project("{FAE04EC0-301F-11D3-BF4B-00C04F79EFBC}") = "Bat.Cache.Redis", "src\Cache\Bat.Cache.Redis\Bat.Cache.Redis.csproj", "{BA3602BC-2C51-03C2-0F0B-DCCEEB756D45}"
EndProject
Project("{FAE04EC0-301F-11D3-BF4B-00C04F79EFBC}") = "Bat.AspNetCore", "src\AspNetCore\Bat.AspNetCore\Bat.AspNetCore.csproj", "{C308AE58-5942-1F52-D073-0E8D39FA53F0}"
EndProject
Project("{FAE04EC0-301F-11D3-BF4B-00C04F79EFBC}") = "Bat.Di", "src\AspNetCore\Bat.Di\Bat.Di.csproj", "{84BF1358-0AE9-45FC-8555-3AE6ABD50E63}"
EndProject
Project("{FAE04EC0-301F-11D3-BF4B-00C04F79EFBC}") = "Bat.Http", "src\AspNetCore\Bat.Http\Bat.Http.csproj", "{CA5D105F-A980-C1B8-4291-569C1DC04A78}"
EndProject
Project("{2150E333-8FDC-42A3-9474-1A3956D46DE8}") = "Test", "Test", "{9D61279B-8248-4706-B483-F74BCA8F665B}"
EndProject
Project("{FAE04EC0-301F-11D3-BF4B-00C04F79EFBC}") = "Bat.Test", "src\Test\Bat.Test\Bat.Test.csproj", "{89643CBF-3679-4B97-93E0-C2764F571465}"
EndProject
Project("{2150E333-8FDC-42A3-9474-1A3956D46DE8}") = "Sql", "Sql", "{1F727527-1BBB-46DC-9FFE-35577E492E74}"
EndProject
Project("{00D1A9C2-B5F0-4AF3-8072-F6C62B433612}") = "Bat.SqlClrAssembly", "src\Sql\Bat.SqlAssembly\Bat.SqlClrAssembly.sqlproj", "{6BC632C6-648F-4F0A-B643-326903C0DC1A}"
EndProject
Project("{FAE04EC0-301F-11D3-BF4B-00C04F79EFBC}") = "Bat.Regression.Tests", "tests\Bat.Regression.Tests\Bat.Regression.Tests.csproj", "{B294D010-87D7-42AC-AB7B-0C74F9E2C1C2}"
EndProject
Project("{2150E333-8FDC-42A3-9474-1A3956D46DE8}") = "Solution Items", "Solution Items", "{3D983F39-8C49-4C82-AC4F-E543F220C863}"
	ProjectSection(SolutionItems) = preProject
		AGENTS.md = AGENTS.md
		CHANGELOG.md = CHANGELOG.md
		global.json = global.json
		README.md = README.md
	EndProjectSection
EndProject
Global
	GlobalSection(SolutionConfigurationPlatforms) = preSolution
		Debug|Any CPU = Debug|Any CPU
		Release|Any CPU = Release|Any CPU
	EndGlobalSection
	GlobalSection(ProjectConfigurationPlatforms) = postSolution
		{C040E53B-D8CB-2C26-99D7-96BD77177722}.Debug|Any CPU.ActiveCfg = Debug|Any CPU
		{C040E53B-D8CB-2C26-99D7-96BD77177722}.Debug|Any CPU.Build.0 = Debug|Any CPU
		{C040E53B-D8CB-2C26-99D7-96BD77177722}.Release|Any CPU.ActiveCfg = Release|Any CPU
		{C040E53B-D8CB-2C26-99D7-96BD77177722}.Release|Any CPU.Build.0 = Release|Any CPU
		{F7EC18AE-70A8-3952-ED64-6DF3C3DADF71}.Debug|Any CPU.ActiveCfg = Debug|Any CPU
		{F7EC18AE-70A8-3952-ED64-6DF3C3DADF71}.Debug|Any CPU.Build.0 = Debug|Any CPU
		{F7EC18AE-70A8-3952-ED64-6DF3C3DADF71}.Release|Any CPU.ActiveCfg = Release|Any CPU
		{F7EC18AE-70A8-3952-ED64-6DF3C3DADF71}.Release|Any CPU.Build.0 = Release|Any CPU
		{CF0B1B35-5911-A46B-2655-46623FCCE4AF}.Debug|Any CPU.ActiveCfg = Debug|Any CPU
		{CF0B1B35-5911-A46B-2655-46623FCCE4AF}.Debug|Any CPU.Build.0 = Debug|Any CPU
		{CF0B1B35-5911-A46B-2655-46623FCCE4AF}.Release|Any CPU.ActiveCfg = Release|Any CPU
		{CF0B1B35-5911-A46B-2655-46623FCCE4AF}.Release|Any CPU.Build.0 = Release|Any CPU
		{0375DDCA-477F-649A-3778-F79C3B2006F7}.Debug|Any CPU.ActiveCfg = Debug|Any CPU
		{0375DDCA-477F-649A-3778-F79C3B2006F7}.Debug|Any CPU.Build.0 = Debug|Any CPU
		{0375DDCA-477F-649A-3778-F79C3B2006F7}.Release|Any CPU.ActiveCfg = Release|Any CPU
		{0375DDCA-477F-649A-3778-F79C3B2006F7}.Release|Any CPU.Build.0 = Release|Any CPU
		{A710F70D-7BB0-F1A1-A6B6-F1AEE1A33433}.Debug|Any CPU.ActiveCfg = Debug|Any CPU
		{A710F70D-7BB0-F1A1-A6B6-F1AEE1A33433}.Debug|Any CPU.Build.0 = Debug|Any CPU
		{A710F70D-7BB0-F1A1-A6B6-F1AEE1A33433}.Release|Any CPU.ActiveCfg = Release|Any CPU
		{A710F70D-7BB0-F1A1-A6B6-F1AEE1A33433}.Release|Any CPU.Build.0 = Release|Any CPU
		{F2F1E1EA-BFFF-F845-44B2-985B2D27E964}.Debug|Any CPU.ActiveCfg = Debug|Any CPU
		{F2F1E1EA-BFFF-F845-44B2-985B2D27E964}.Debug|Any CPU.Build.0 = Debug|Any CPU
		{F2F1E1EA-BFFF-F845-44B2-985B2D27E964}.Release|Any CPU.ActiveCfg = Release|Any CPU
		{F2F1E1EA-BFFF-F845-44B2-985B2D27E964}.Release|Any CPU.Build.0 = Release|Any CPU
		{1471C67B-3298-77D2-55A6-5E226A3CA579}.Debug|Any CPU.ActiveCfg = Debug|Any CPU
		{1471C67B-3298-77D2-55A6-5E226A3CA579}.Debug|Any CPU.Build.0 = Debug|Any CPU
		{1471C67B-3298-77D2-55A6-5E226A3CA579}.Release|Any CPU.ActiveCfg = Release|Any CPU
		{1471C67B-3298-77D2-55A6-5E226A3CA579}.Release|Any CPU.Build.0 = Release|Any CPU
		{BA3602BC-2C51-03C2-0F0B-DCCEEB756D45}.Debug|Any CPU.ActiveCfg = Debug|Any CPU
		{BA3602BC-2C51-03C2-0F0B-DCCEEB756D45}.Debug|Any CPU.Build.0 = Debug|Any CPU
		{BA3602BC-2C51-03C2-0F0B-DCCEEB756D45}.Release|Any CPU.ActiveCfg = Release|Any CPU
		{BA3602BC-2C51-03C2-0F0B-DCCEEB756D45}.Release|Any CPU.Build.0 = Release|Any CPU
		{C308AE58-5942-1F52-D073-0E8D39FA53F0}.Debug|Any CPU.ActiveCfg = Debug|Any CPU
		{C308AE58-5942-1F52-D073-0E8D39FA53F0}.Debug|Any CPU.Build.0 = Debug|Any CPU
		{C308AE58-5942-1F52-D073-0E8D39FA53F0}.Release|Any CPU.ActiveCfg = Release|Any CPU
		{C308AE58-5942-1F52-D073-0E8D39FA53F0}.Release|Any CPU.Build.0 = Release|Any CPU
		{84BF1358-0AE9-45FC-8555-3AE6ABD50E63}.Debug|Any CPU.ActiveCfg = Debug|Any CPU
		{84BF1358-0AE9-45FC-8555-3AE6ABD50E63}.Debug|Any CPU.Build.0 = Debug|Any CPU
		{84BF1358-0AE9-45FC-8555-3AE6ABD50E63}.Release|Any CPU.ActiveCfg = Release|Any CPU
		{84BF1358-0AE9-45FC-8555-3AE6ABD50E63}.Release|Any CPU.Build.0 = Release|Any CPU
		{CA5D105F-A980-C1B8-4291-569C1DC04A78}.Debug|Any CPU.ActiveCfg = Debug|Any CPU
		{CA5D105F-A980-C1B8-4291-569C1DC04A78}.Debug|Any CPU.Build.0 = Debug|Any CPU
		{CA5D105F-A980-C1B8-4291-569C1DC04A78}.Release|Any CPU.ActiveCfg = Release|Any CPU
		{CA5D105F-A980-C1B8-4291-569C1DC04A78}.Release|Any CPU.Build.0 = Release|Any CPU
		{89643CBF-3679-4B97-93E0-C2764F571465}.Debug|Any CPU.ActiveCfg = Debug|Any CPU
		{89643CBF-3679-4B97-93E0-C2764F571465}.Debug|Any CPU.Build.0 = Debug|Any CPU
		{89643CBF-3679-4B97-93E0-C2764F571465}.Release|Any CPU.ActiveCfg = Release|Any CPU
		{89643CBF-3679-4B97-93E0-C2764F571465}.Release|Any CPU.Build.0 = Release|Any CPU
		{6BC632C6-648F-4F0A-B643-326903C0DC1A}.Debug|Any CPU.ActiveCfg = Debug|Any CPU
		{6BC632C6-648F-4F0A-B643-326903C0DC1A}.Debug|Any CPU.Build.0 = Debug|Any CPU
		{6BC632C6-648F-4F0A-B643-326903C0DC1A}.Debug|Any CPU.Deploy.0 = Debug|Any CPU
		{6BC632C6-648F-4F0A-B643-326903C0DC1A}.Release|Any CPU.ActiveCfg = Release|Any CPU
		{6BC632C6-648F-4F0A-B643-326903C0DC1A}.Release|Any CPU.Build.0 = Release|Any CPU
		{6BC632C6-648F-4F0A-B643-326903C0DC1A}.Release|Any CPU.Deploy.0 = Release|Any CPU
		{B294D010-87D7-42AC-AB7B-0C74F9E2C1C2}.Debug|Any CPU.ActiveCfg = Debug|Any CPU
		{B294D010-87D7-42AC-AB7B-0C74F9E2C1C2}.Debug|Any CPU.Build.0 = Debug|Any CPU
		{B294D010-87D7-42AC-AB7B-0C74F9E2C1C2}.Release|Any CPU.ActiveCfg = Release|Any CPU
		{B294D010-87D7-42AC-AB7B-0C74F9E2C1C2}.Release|Any CPU.Build.0 = Release|Any CPU
	EndGlobalSection
	GlobalSection(SolutionProperties) = preSolution
		HideSolutionNode = FALSE
	EndGlobalSection
	GlobalSection(NestedProjects) = preSolution
		{C040E53B-D8CB-2C26-99D7-96BD77177722} = {909818E2-002C-425A-88B9-090C8562DCB2}
		{F7EC18AE-70A8-3952-ED64-6DF3C3DADF71} = {909818E2-002C-425A-88B9-090C8562DCB2}
		{CF0B1B35-5911-A46B-2655-46623FCCE4AF} = {9A7953EF-6BD1-4C5A-AFCA-E746DACD135A}
		{0375DDCA-477F-649A-3778-F79C3B2006F7} = {9A7953EF-6BD1-4C5A-AFCA-E746DACD135A}
		{A710F70D-7BB0-F1A1-A6B6-F1AEE1A33433} = {9A7953EF-6BD1-4C5A-AFCA-E746DACD135A}
		{F2F1E1EA-BFFF-F845-44B2-985B2D27E964} = {44684FA4-FAE4-4751-966A-276B1ADF8849}
		{1471C67B-3298-77D2-55A6-5E226A3CA579} = {3749E98B-2364-4C54-923B-9416EE855FF6}
		{BA3602BC-2C51-03C2-0F0B-DCCEEB756D45} = {3749E98B-2364-4C54-923B-9416EE855FF6}
		{C308AE58-5942-1F52-D073-0E8D39FA53F0} = {74E1BB04-3A08-41E3-9E8D-376601524B67}
		{84BF1358-0AE9-45FC-8555-3AE6ABD50E63} = {74E1BB04-3A08-41E3-9E8D-376601524B67}
		{CA5D105F-A980-C1B8-4291-569C1DC04A78} = {74E1BB04-3A08-41E3-9E8D-376601524B67}
		{89643CBF-3679-4B97-93E0-C2764F571465} = {9D61279B-8248-4706-B483-F74BCA8F665B}
		{6BC632C6-648F-4F0A-B643-326903C0DC1A} = {1F727527-1BBB-46DC-9FFE-35577E492E74}
		{B294D010-87D7-42AC-AB7B-0C74F9E2C1C2} = {9D61279B-8248-4706-B483-F74BCA8F665B}
	EndGlobalSection
	GlobalSection(ExtensibilityGlobals) = postSolution
		SolutionGuid = {E0E3DDDC-2811-4949-AD18-DCD7347B6D65}
	EndGlobalSection
EndGlobal
